
Microsoft Visual Studio Solution File, Format Version 12.00
# Visual Studio 15
VisualStudioVersion = 15.0.26730.16
MinimumVisualStudioVersion = 10.0.40219.1
Project("{8BC9CEB8-8B4A-11D0-8D11-00A0C91BC942}") = "0_SDL_Window", "0_SDL_Window\0_SDL_Window.vcxproj", "{BAD28DBE-A88A-46D6-B960-D9FF71B9250D}"
EndProject
Project("{8BC9CEB8-8B4A-11D0-8D11-00A0C91BC942}") = "01_OpenGL", "01_OpenGl\01_OpenGL.vcxproj", "{9306D1E4-F68D-4D63-AEE7-AF03D86DA6AF}"
EndProject
Project("{8BC9CEB8-8B4A-11D0-8D11-00A0C91BC942}") = "02_Shaders", "02_Shaders\02_Shaders.vcxproj", "{DA3B4036-11FF-415E-B401-EB64CD395389}"
EndProject
Project("{8BC9CEB8-8B4A-11D0-8D11-00A0C91BC942}") = "03_ShadersFinal", "03_ShadersFinal\03_ShadersFinal.vcxproj", "{0F1840E8-66A3-4BA5-AFEC-6023698FA3CE}"
EndProject
Project("{8BC9CEB8-8B4A-11D0-8D11-00A0C91BC942}") = "04_Transformations", "04_Transformations\04_Transformations.vcxproj", "{4FE0A825-040D-4D16-A59F-05AE40A1457D}"
EndProject
Project("{8BC9CEB8-8B4A-11D0-8D11-00A0C91BC942}") = "05_Geometry", "05_Geometry\05_Geometry.vcxproj", "{C4345F31-65E9-454A-89C7-FCB773C6C350}"
EndProject
Project("{8BC9CEB8-8B4A-11D0-8D11-00A0C91BC942}") = "06_Mesh", "06_Mesh\06_Mesh.vcxproj", "{1CBC4C19-3571-4D9D-ACC4-A54CB919D72A}"
EndProject
Project("{8BC9CEB8-8B4A-11D0-8D11-00A0C91BC942}") = "07_Texture", "07_Texture\07_Texture.vcxproj", "{BCF07F68-B468-4481-ACEF-802980600EE7}"
EndProject
Project("{8BC9CEB8-8B4A-11D0-8D11-00A0C91BC942}") = "08_MeshFixed", "08_MeshFixed\08_MeshFixed.vcxproj", "{B7692211-7942-45CC-87E7-243AAD141BEE}"
EndProject
Project("{8BC9CEB8-8B4A-11D0-8D11-00A0C91BC942}") = "09_MeshTextured", "09_MeshTextured\09_MeshTextured.vcxproj", "{0B4A1712-CCAB-4339-A620-B8754141411D}"
EndProject
Project("{8BC9CEB8-8B4A-11D0-8D11-00A0C91BC942}") = "10_Reflectance", "10_Reflectance\10_Reflectance.vcxproj", "{6AFAC315-8B9F-4027-9FA5-01E56B9D78BB}"
EndProject
Project("{8BC9CEB8-8B4A-11D0-8D11-00A0C91BC942}") = "11_Animation", "11_Animation\11_Animation.vcxproj", "{6CAE3787-3194-42FA-B0D1-8FBEA5C33DD0}"
EndProject
Project("{8BC9CEB8-8B4A-11D0-8D11-00A0C91BC942}") = "12_PostProcessing", "12_PostProcessing\12_PostProcessing.vcxproj", "{939C1533-877D-400D-9358-90AFCD5EC39F}"
EndProject
Project("{8BC9CEB8-8B4A-11D0-8D11-00A0C91BC942}") = "13_BulletPhysics", "13_BulletPhysics\13_BulletPhysics.vcxproj", "{5DA59DB9-466D-4CC0-A8B5-A105448D817A}"
EndProject
Project("{8BC9CEB8-8B4A-11D0-8D11-00A0C91BC942}") = "14_GameObject", "14_GameObject\14_GameObject.vcxproj", "{2CE2A3AE-0487-4B8C-B0BF-2C1C4A80DF1F}"
EndProject
Global
	GlobalSection(SolutionConfigurationPlatforms) = preSolution
		Debug|x64 = Debug|x64
		Debug|x86 = Debug|x86
		Release|x64 = Release|x64
		Release|x86 = Release|x86
	EndGlobalSection
	GlobalSection(ProjectConfigurationPlatforms) = postSolution
		{BAD28DBE-A88A-46D6-B960-D9FF71B9250D}.Debug|x64.ActiveCfg = Debug|x64
		{BAD28DBE-A88A-46D6-B960-D9FF71B9250D}.Debug|x64.Build.0 = Debug|x64
		{BAD28DBE-A88A-46D6-B960-D9FF71B9250D}.Debug|x86.ActiveCfg = Debug|Win32
		{BAD28DBE-A88A-46D6-B960-D9FF71B9250D}.Debug|x86.Build.0 = Debug|Win32
		{BAD28DBE-A88A-46D6-B960-D9FF71B9250D}.Release|x64.ActiveCfg = Release|x64
		{BAD28DBE-A88A-46D6-B960-D9FF71B9250D}.Release|x64.Build.0 = Release|x64
		{BAD28DBE-A88A-46D6-B960-D9FF71B9250D}.Release|x86.ActiveCfg = Release|Win32
		{BAD28DBE-A88A-46D6-B960-D9FF71B9250D}.Release|x86.Build.0 = Release|Win32
		{9306D1E4-F68D-4D63-AEE7-AF03D86DA6AF}.Debug|x64.ActiveCfg = Debug|x64
		{9306D1E4-F68D-4D63-AEE7-AF03D86DA6AF}.Debug|x64.Build.0 = Debug|x64
		{9306D1E4-F68D-4D63-AEE7-AF03D86DA6AF}.Debug|x86.ActiveCfg = Debug|Win32
		{9306D1E4-F68D-4D63-AEE7-AF03D86DA6AF}.Debug|x86.Build.0 = Debug|Win32
		{9306D1E4-F68D-4D63-AEE7-AF03D86DA6AF}.Release|x64.ActiveCfg = Release|x64
		{9306D1E4-F68D-4D63-AEE7-AF03D86DA6AF}.Release|x64.Build.0 = Release|x64
		{9306D1E4-F68D-4D63-AEE7-AF03D86DA6AF}.Release|x86.ActiveCfg = Release|Win32
		{9306D1E4-F68D-4D63-AEE7-AF03D86DA6AF}.Release|x86.Build.0 = Release|Win32
		{DA3B4036-11FF-415E-B401-EB64CD395389}.Debug|x64.ActiveCfg = Debug|x64
		{DA3B4036-11FF-415E-B401-EB64CD395389}.Debug|x64.Build.0 = Debug|x64
		{DA3B4036-11FF-415E-B401-EB64CD395389}.Debug|x86.ActiveCfg = Debug|Win32
		{DA3B4036-11FF-415E-B401-EB64CD395389}.Debug|x86.Build.0 = Debug|Win32
		{DA3B4036-11FF-415E-B401-EB64CD395389}.Release|x64.ActiveCfg = Release|x64
		{DA3B4036-11FF-415E-B401-EB64CD395389}.Release|x64.Build.0 = Release|x64
		{DA3B4036-11FF-415E-B401-EB64CD395389}.Release|x86.ActiveCfg = Release|Win32
		{DA3B4036-11FF-415E-B401-EB64CD395389}.Release|x86.Build.0 = Release|Win32
		{0F1840E8-66A3-4BA5-AFEC-6023698FA3CE}.Debug|x64.ActiveCfg = Debug|x64
		{0F1840E8-66A3-4BA5-AFEC-6023698FA3CE}.Debug|x64.Build.0 = Debug|x64
		{0F1840E8-66A3-4BA5-AFEC-6023698FA3CE}.Debug|x86.ActiveCfg = Debug|Win32
		{0F1840E8-66A3-4BA5-AFEC-6023698FA3CE}.Debug|x86.Build.0 = Debug|Win32
		{0F1840E8-66A3-4BA5-AFEC-6023698FA3CE}.Release|x64.ActiveCfg = Release|x64
		{0F1840E8-66A3-4BA5-AFEC-6023698FA3CE}.Release|x64.Build.0 = Release|x64
		{0F1840E8-66A3-4BA5-AFEC-6023698FA3CE}.Release|x86.ActiveCfg = Release|Win32
		{0F1840E8-66A3-4BA5-AFEC-6023698FA3CE}.Release|x86.Build.0 = Release|Win32
		{4FE0A825-040D-4D16-A59F-05AE40A1457D}.Debug|x64.ActiveCfg = Debug|x64
		{4FE0A825-040D-4D16-A59F-05AE40A1457D}.Debug|x64.Build.0 = Debug|x64
		{4FE0A825-040D-4D16-A59F-05AE40A1457D}.Debug|x86.ActiveCfg = Debug|Win32
		{4FE0A825-040D-4D16-A59F-05AE40A1457D}.Debug|x86.Build.0 = Debug|Win32
		{4FE0A825-040D-4D16-A59F-05AE40A1457D}.Release|x64.ActiveCfg = Release|x64
		{4FE0A825-040D-4D16-A59F-05AE40A1457D}.Release|x64.Build.0 = Release|x64
		{4FE0A825-040D-4D16-A59F-05AE40A1457D}.Release|x86.ActiveCfg = Release|Win32
		{4FE0A825-040D-4D16-A59F-05AE40A1457D}.Release|x86.Build.0 = Release|Win32
		{C4345F31-65E9-454A-89C7-FCB773C6C350}.Debug|x64.ActiveCfg = Debug|x64
		{C4345F31-65E9-454A-89C7-FCB773C6C350}.Debug|x64.Build.0 = Debug|x64
		{C4345F31-65E9-454A-89C7-FCB773C6C350}.Debug|x86.ActiveCfg = Debug|Win32
		{C4345F31-65E9-454A-89C7-FCB773C6C350}.Debug|x86.Build.0 = Debug|Win32
		{C4345F31-65E9-454A-89C7-FCB773C6C350}.Release|x64.ActiveCfg = Release|x64
		{C4345F31-65E9-454A-89C7-FCB773C6C350}.Release|x64.Build.0 = Release|x64
		{C4345F31-65E9-454A-89C7-FCB773C6C350}.Release|x86.ActiveCfg = Release|Win32
		{C4345F31-65E9-454A-89C7-FCB773C6C350}.Release|x86.Build.0 = Release|Win32
		{1CBC4C19-3571-4D9D-ACC4-A54CB919D72A}.Debug|x64.ActiveCfg = Debug|x64
		{1CBC4C19-3571-4D9D-ACC4-A54CB919D72A}.Debug|x64.Build.0 = Debug|x64
		{1CBC4C19-3571-4D9D-ACC4-A54CB919D72A}.Debug|x86.ActiveCfg = Debug|Win32
		{1CBC4C19-3571-4D9D-ACC4-A54CB919D72A}.Debug|x86.Build.0 = Debug|Win32
		{1CBC4C19-3571-4D9D-ACC4-A54CB919D72A}.Release|x64.ActiveCfg = Release|x64
		{1CBC4C19-3571-4D9D-ACC4-A54CB919D72A}.Release|x64.Build.0 = Release|x64
		{1CBC4C19-3571-4D9D-ACC4-A54CB919D72A}.Release|x86.ActiveCfg = Release|Win32
		{1CBC4C19-3571-4D9D-ACC4-A54CB919D72A}.Release|x86.Build.0 = Release|Win32
		{BCF07F68-B468-4481-ACEF-802980600EE7}.Debug|x64.ActiveCfg = Debug|x64
		{BCF07F68-B468-4481-ACEF-802980600EE7}.Debug|x64.Build.0 = Debug|x64
		{BCF07F68-B468-4481-ACEF-802980600EE7}.Debug|x86.ActiveCfg = Debug|Win32
		{BCF07F68-B468-4481-ACEF-802980600EE7}.Debug|x86.Build.0 = Debug|Win32
		{BCF07F68-B468-4481-ACEF-802980600EE7}.Release|x64.ActiveCfg = Release|x64
		{BCF07F68-B468-4481-ACEF-802980600EE7}.Release|x64.Build.0 = Release|x64
		{BCF07F68-B468-4481-ACEF-802980600EE7}.Release|x86.ActiveCfg = Release|Win32
		{BCF07F68-B468-4481-ACEF-802980600EE7}.Release|x86.Build.0 = Release|Win32
		{B7692211-7942-45CC-87E7-243AAD141BEE}.Debug|x64.ActiveCfg = Debug|x64
		{B7692211-7942-45CC-87E7-243AAD141BEE}.Debug|x64.Build.0 = Debug|x64
		{B7692211-7942-45CC-87E7-243AAD141BEE}.Debug|x86.ActiveCfg = Debug|Win32
		{B7692211-7942-45CC-87E7-243AAD141BEE}.Debug|x86.Build.0 = Debug|Win32
		{B7692211-7942-45CC-87E7-243AAD141BEE}.Release|x64.ActiveCfg = Release|x64
		{B7692211-7942-45CC-87E7-243AAD141BEE}.Release|x64.Build.0 = Release|x64
		{B7692211-7942-45CC-87E7-243AAD141BEE}.Release|x86.ActiveCfg = Release|Win32
		{B7692211-7942-45CC-87E7-243AAD141BEE}.Release|x86.Build.0 = Release|Win32
		{0B4A1712-CCAB-4339-A620-B8754141411D}.Debug|x64.ActiveCfg = Debug|x64
		{0B4A1712-CCAB-4339-A620-B8754141411D}.Debug|x64.Build.0 = Debug|x64
		{0B4A1712-CCAB-4339-A620-B8754141411D}.Debug|x86.ActiveCfg = Debug|Win32
		{0B4A1712-CCAB-4339-A620-B8754141411D}.Debug|x86.Build.0 = Debug|Win32
		{0B4A1712-CCAB-4339-A620-B8754141411D}.Release|x64.ActiveCfg = Release|x64
		{0B4A1712-CCAB-4339-A620-B8754141411D}.Release|x64.Build.0 = Release|x64
		{0B4A1712-CCAB-4339-A620-B8754141411D}.Release|x86.ActiveCfg = Release|Win32
		{0B4A1712-CCAB-4339-A620-B8754141411D}.Release|x86.Build.0 = Release|Win32
		{6AFAC315-8B9F-4027-9FA5-01E56B9D78BB}.Debug|x64.ActiveCfg = Debug|x64
		{6AFAC315-8B9F-4027-9FA5-01E56B9D78BB}.Debug|x64.Build.0 = Debug|x64
		{6AFAC315-8B9F-4027-9FA5-01E56B9D78BB}.Debug|x86.ActiveCfg = Debug|Win32
		{6AFAC315-8B9F-4027-9FA5-01E56B9D78BB}.Debug|x86.Build.0 = Debug|Win32
		{6AFAC315-8B9F-4027-9FA5-01E56B9D78BB}.Release|x64.ActiveCfg = Release|x64
		{6AFAC315-8B9F-4027-9FA5-01E56B9D78BB}.Release|x64.Build.0 = Release|x64
		{6AFAC315-8B9F-4027-9FA5-01E56B9D78BB}.Release|x86.ActiveCfg = Release|Win32
		{6AFAC315-8B9F-4027-9FA5-01E56B9D78BB}.Release|x86.Build.0 = Release|Win32
		{6CAE3787-3194-42FA-B0D1-8FBEA5C33DD0}.Debug|x64.ActiveCfg = Debug|x64
		{6CAE3787-3194-42FA-B0D1-8FBEA5C33DD0}.Debug|x64.Build.0 = Debug|x64
		{6CAE3787-3194-42FA-B0D1-8FBEA5C33DD0}.Debug|x86.ActiveCfg = Debug|Win32
		{6CAE3787-3194-42FA-B0D1-8FBEA5C33DD0}.Debug|x86.Build.0 = Debug|Win32
		{6CAE3787-3194-42FA-B0D1-8FBEA5C33DD0}.Release|x64.ActiveCfg = Release|x64
		{6CAE3787-3194-42FA-B0D1-8FBEA5C33DD0}.Release|x64.Build.0 = Release|x64
		{6CAE3787-3194-42FA-B0D1-8FBEA5C33DD0}.Release|x86.ActiveCfg = Release|Win32
		{6CAE3787-3194-42FA-B0D1-8FBEA5C33DD0}.Release|x86.Build.0 = Release|Win32
		{939C1533-877D-400D-9358-90AFCD5EC39F}.Debug|x64.ActiveCfg = Debug|x64
		{939C1533-877D-400D-9358-90AFCD5EC39F}.Debug|x64.Build.0 = Debug|x64
		{939C1533-877D-400D-9358-90AFCD5EC39F}.Debug|x86.ActiveCfg = Debug|Win32
		{939C1533-877D-400D-9358-90AFCD5EC39F}.Debug|x86.Build.0 = Debug|Win32
		{939C1533-877D-400D-9358-90AFCD5EC39F}.Release|x64.ActiveCfg = Release|x64
		{939C1533-877D-400D-9358-90AFCD5EC39F}.Release|x64.Build.0 = Release|x64
		{939C1533-877D-400D-9358-90AFCD5EC39F}.Release|x86.ActiveCfg = Release|Win32
		{939C1533-877D-400D-9358-90AFCD5EC39F}.Release|x86.Build.0 = Release|Win32
		{5DA59DB9-466D-4CC0-A8B5-A105448D817A}.Debug|x64.ActiveCfg = Debug|x64
		{5DA59DB9-466D-4CC0-A8B5-A105448D817A}.Debug|x64.Build.0 = Debug|x64
		{5DA59DB9-466D-4CC0-A8B5-A105448D817A}.Debug|x86.ActiveCfg = Debug|Win32
		{5DA59DB9-466D-4CC0-A8B5-A105448D817A}.Debug|x86.Build.0 = Debug|Win32
		{5DA59DB9-466D-4CC0-A8B5-A105448D817A}.Release|x64.ActiveCfg = Release|x64
		{5DA59DB9-466D-4CC0-A8B5-A105448D817A}.Release|x64.Build.0 = Release|x64
		{5DA59DB9-466D-4CC0-A8B5-A105448D817A}.Release|x86.ActiveCfg = Release|Win32
		{5DA59DB9-466D-4CC0-A8B5-A105448D817A}.Release|x86.Build.0 = Release|Win32
		{2CE2A3AE-0487-4B8C-B0BF-2C1C4A80DF1F}.Debug|x64.ActiveCfg = Debug|x64
		{2CE2A3AE-0487-4B8C-B0BF-2C1C4A80DF1F}.Debug|x64.Build.0 = Debug|x64
		{2CE2A3AE-0487-4B8C-B0BF-2C1C4A80DF1F}.Debug|x86.ActiveCfg = Debug|Win32
		{2CE2A3AE-0487-4B8C-B0BF-2C1C4A80DF1F}.Debug|x86.Build.0 = Debug|Win32
		{2CE2A3AE-0487-4B8C-B0BF-2C1C4A80DF1F}.Release|x64.ActiveCfg = Release|x64
		{2CE2A3AE-0487-4B8C-B0BF-2C1C4A80DF1F}.Release|x64.Build.0 = Release|x64
		{2CE2A3AE-0487-4B8C-B0BF-2C1C4A80DF1F}.Release|x86.ActiveCfg = Release|Win32
		{2CE2A3AE-0487-4B8C-B0BF-2C1C4A80DF1F}.Release|x86.Build.0 = Release|Win32
	EndGlobalSection
	GlobalSection(SolutionProperties) = preSolution
		HideSolutionNode = FALSE
	EndGlobalSection
	GlobalSection(ExtensibilityGlobals) = postSolution
		SolutionGuid = {6F3C20C6-35D0-4C26-8666-E9807910E916}
	EndGlobalSection
EndGlobal
